
Microsoft Visual Studio Solution File, Format Version 12.00
# Visual Studio Version 16
VisualStudioVersion = 16.0.32510.428
MinimumVisualStudioVersion = 10.0.40219.1
Project("{FAE04EC0-301F-11D3-BF4B-00C04F79EFBC}") = "FirmaDigital.Android", "FirmaDigital\FirmaDigital.Android\FirmaDigital.Android.csproj", "{5AE4EA49-CF2E-481D-9AFE-0F13A4B92E9A}"
EndProject
Project("{FAE04EC0-301F-11D3-BF4B-00C04F79EFBC}") = "FirmaDigital", "FirmaDigital\FirmaDigital\FirmaDigital.csproj", "{690C3FDE-B842-4CD1-90DB-0FADE7A08A73}"
EndProject
Global
	GlobalSection(SolutionConfigurationPlatforms) = preSolution
		Debug|Any CPU = Debug|Any CPU
		Release|Any CPU = Release|Any CPU
	EndGlobalSection
	GlobalSection(ProjectConfigurationPlatforms) = postSolution
		{5AE4EA49-CF2E-481D-9AFE-0F13A4B92E9A}.Debug|Any CPU.ActiveCfg = Debug|Any CPU
		{5AE4EA49-CF2E-481D-9AFE-0F13A4B92E9A}.Debug|Any CPU.Build.0 = Debug|Any CPU
		{5AE4EA49-CF2E-481D-9AFE-0F13A4B92E9A}.Debug|Any CPU.Deploy.0 = Debug|Any CPU
		{5AE4EA49-CF2E-481D-9AFE-0F13A4B92E9A}.Release|Any CPU.ActiveCfg = Release|Any CPU
		{5AE4EA49-CF2E-481D-9AFE-0F13A4B92E9A}.Release|Any CPU.Build.0 = Release|Any CPU
		{5AE4EA49-CF2E-481D-9AFE-0F13A4B92E9A}.Release|Any CPU.Deploy.0 = Release|Any CPU
		{690C3FDE-B842-4CD1-90DB-0FADE7A08A73}.Debug|Any CPU.ActiveCfg = Debug|Any CPU
		{690C3FDE-B842-4CD1-90DB-0FADE7A08A73}.Debug|Any CPU.Build.0 = Debug|Any CPU
		{690C3FDE-B842-4CD1-90DB-0FADE7A08A73}.Debug|Any CPU.Deploy.0 = Debug|Any CPU
		{690C3FDE-B842-4CD1-90DB-0FADE7A08A73}.Release|Any CPU.ActiveCfg = Release|Any CPU
		{690C3FDE-B842-4CD1-90DB-0FADE7A08A73}.Release|Any CPU.Build.0 = Release|Any CPU
		{690C3FDE-B842-4CD1-90DB-0FADE7A08A73}.Release|Any CPU.Deploy.0 = Release|Any CPU
	EndGlobalSection
	GlobalSection(SolutionProperties) = preSolution
		HideSolutionNode = FALSE
	EndGlobalSection
	GlobalSection(ExtensibilityGlobals) = postSolution
		SolutionGuid = {7BF760F4-55ED-4189-B0A4-0538DCE84717}
	EndGlobalSection
EndGlobal
